
Microsoft Visual Studio Solution File, Format Version 12.00
# Visual Studio 15
VisualStudioVersion = 15.0.28010.2048
MinimumVisualStudioVersion = 10.0.40219.1
Project("{9A19103F-16F7-4668-BE54-9A1E7A4F7556}") = "LeanAspNetCore", "LeanAspNetCore.csproj", "{C846732F-57E2-46BE-8125-4EE6489A2528}"
EndProject
Global
	GlobalSection(SolutionConfigurationPlatforms) = preSolution
		Debug|Any CPU = Debug|Any CPU
		Release|Any CPU = Release|Any CPU
	EndGlobalSection
	GlobalSection(ProjectConfigurationPlatforms) = postSolution
		{C846732F-57E2-46BE-8125-4EE6489A2528}.Debug|Any CPU.ActiveCfg = Debug|Any CPU
		{C846732F-57E2-46BE-8125-4EE6489A2528}.Debug|Any CPU.Build.0 = Debug|Any CPU
		{C846732F-57E2-46BE-8125-4EE6489A2528}.Release|Any CPU.ActiveCfg = Release|Any CPU
		{C846732F-57E2-46BE-8125-4EE6489A2528}.Release|Any CPU.Build.0 = Release|Any CPU
	EndGlobalSection
	GlobalSection(SolutionProperties) = preSolution
		HideSolutionNode = FALSE
	EndGlobalSection
	GlobalSection(ExtensibilityGlobals) = postSolution
		SolutionGuid = {F7E8940F-1839-4F73-A57A-C52F7D22FAF4}
	EndGlobalSection
EndGlobal
